
Microsoft Visual Studio Solution File, Format Version 12.00
# Visual Studio Version 17
VisualStudioVersion = 17.8.34322.80
MinimumVisualStudioVersion = 10.0.40219.1
Project("{9A19103F-16F7-4668-BE54-9A1E7A4F7556}") = "BulkyWebOne", "BulkyWebOne\BulkyWebOne.csproj", "{5FD011E7-D543-429D-9AF5-94D9B9272968}"
EndProject
Project("{9A19103F-16F7-4668-BE54-9A1E7A4F7556}") = "Bulky.DataAccess", "Bulky.DataAccess\Bulky.DataAccess.csproj", "{786184CD-4B98-41CF-B2A0-A20D92C0110E}"
EndProject
Project("{9A19103F-16F7-4668-BE54-9A1E7A4F7556}") = "Bulky.Models", "Bulky.Models\Bulky.Models.csproj", "{6E2A540A-45AB-4D03-9A63-5F89AC7AA530}"
EndProject
Project("{9A19103F-16F7-4668-BE54-9A1E7A4F7556}") = "Bulky.Utility", "Bulky.Utility\Bulky.Utility.csproj", "{E07B0EC5-2E11-496B-A35A-D4242DAEB699}"
EndProject
Global
	GlobalSection(SolutionConfigurationPlatforms) = preSolution
		Debug|Any CPU = Debug|Any CPU
		Release|Any CPU = Release|Any CPU
	EndGlobalSection
	GlobalSection(ProjectConfigurationPlatforms) = postSolution
		{5FD011E7-D543-429D-9AF5-94D9B9272968}.Debug|Any CPU.ActiveCfg = Debug|Any CPU
		{5FD011E7-D543-429D-9AF5-94D9B9272968}.Debug|Any CPU.Build.0 = Debug|Any CPU
		{5FD011E7-D543-429D-9AF5-94D9B9272968}.Release|Any CPU.ActiveCfg = Release|Any CPU
		{5FD011E7-D543-429D-9AF5-94D9B9272968}.Release|Any CPU.Build.0 = Release|Any CPU
		{786184CD-4B98-41CF-B2A0-A20D92C0110E}.Debug|Any CPU.ActiveCfg = Debug|Any CPU
		{786184CD-4B98-41CF-B2A0-A20D92C0110E}.Debug|Any CPU.Build.0 = Debug|Any CPU
		{786184CD-4B98-41CF-B2A0-A20D92C0110E}.Release|Any CPU.ActiveCfg = Release|Any CPU
		{786184CD-4B98-41CF-B2A0-A20D92C0110E}.Release|Any CPU.Build.0 = Release|Any CPU
		{6E2A540A-45AB-4D03-9A63-5F89AC7AA530}.Debug|Any CPU.ActiveCfg = Debug|Any CPU
		{6E2A540A-45AB-4D03-9A63-5F89AC7AA530}.Debug|Any CPU.Build.0 = Debug|Any CPU
		{6E2A540A-45AB-4D03-9A63-5F89AC7AA530}.Release|Any CPU.ActiveCfg = Release|Any CPU
		{6E2A540A-45AB-4D03-9A63-5F89AC7AA530}.Release|Any CPU.Build.0 = Release|Any CPU
		{E07B0EC5-2E11-496B-A35A-D4242DAEB699}.Debug|Any CPU.ActiveCfg = Debug|Any CPU
		{E07B0EC5-2E11-496B-A35A-D4242DAEB699}.Debug|Any CPU.Build.0 = Debug|Any CPU
		{E07B0EC5-2E11-496B-A35A-D4242DAEB699}.Release|Any CPU.ActiveCfg = Release|Any CPU
		{E07B0EC5-2E11-496B-A35A-D4242DAEB699}.Release|Any CPU.Build.0 = Release|Any CPU
	EndGlobalSection
	GlobalSection(SolutionProperties) = preSolution
		HideSolutionNode = FALSE
	EndGlobalSection
	GlobalSection(ExtensibilityGlobals) = postSolution
		SolutionGuid = {988E3E5E-EF28-48B9-BFD8-516A2984EA4E}
	EndGlobalSection
EndGlobal
